// !$*UTF8*$!
{
	archiveVersion = 1;
	classes = {
	};
	objectVersion = 51;
	objects = {

/* Begin PBXBuildFile section */
		523C7396238D565F0056052A /* AppDelegate.swift in Sources */ = {isa = PBXBuildFile; fileRef = 523C7395238D565F0056052A /* AppDelegate.swift */; };
		523C7398238D565F0056052A /* SceneDelegate.swift in Sources */ = {isa = PBXBuildFile; fileRef = 523C7397238D565F0056052A /* SceneDelegate.swift */; };
		523C739D238D565F0056052A /* Main.storyboard in Resources */ = {isa = PBXBuildFile; fileRef = 523C739B238D565F0056052A /* Main.storyboard */; };
		523C739F238D56630056052A /* Assets.xcassets in Resources */ = {isa = PBXBuildFile; fileRef = 523C739E238D56630056052A /* Assets.xcassets */; };
		523C73A2238D56630056052A /* LaunchScreen.storyboard in Resources */ = {isa = PBXBuildFile; fileRef = 523C73A0238D56630056052A /* LaunchScreen.storyboard */; };
		523C73B6238D620B0056052A /* SignupService.swift in Sources */ = {isa = PBXBuildFile; fileRef = 523C73B5238D620B0056052A /* SignupService.swift */; };
		523C73B8238D623D0056052A /* ViewController.swift in Sources */ = {isa = PBXBuildFile; fileRef = 523C73B7238D623D0056052A /* ViewController.swift */; };
		523C73C1238D63380056052A /* UITabbar+Extension.swift in Sources */ = {isa = PBXBuildFile; fileRef = 523C73B9238D63380056052A /* UITabbar+Extension.swift */; };
		523C73C2238D63380056052A /* NSNotificationName+Extension.swift in Sources */ = {isa = PBXBuildFile; fileRef = 523C73BA238D63380056052A /* NSNotificationName+Extension.swift */; };
		523C73C3238D63380056052A /* UIButton+Extensions.swift in Sources */ = {isa = PBXBuildFile; fileRef = 523C73BB238D63380056052A /* UIButton+Extensions.swift */; };
		523C73C4238D63380056052A /* UIView+Extensions.swift in Sources */ = {isa = PBXBuildFile; fileRef = 523C73BC238D63380056052A /* UIView+Extensions.swift */; };
		523C73C5238D63380056052A /* UIViewController+Extensions.swift in Sources */ = {isa = PBXBuildFile; fileRef = 523C73BD238D63380056052A /* UIViewController+Extensions.swift */; };
		523C73C6238D63380056052A /* UIImageView+Extensions.swift in Sources */ = {isa = PBXBuildFile; fileRef = 523C73BE238D63380056052A /* UIImageView+Extensions.swift */; };
		523C73C7238D63380056052A /* UIColor+Extensions.swift in Sources */ = {isa = PBXBuildFile; fileRef = 523C73BF238D63380056052A /* UIColor+Extensions.swift */; };
		523C73C8238D63380056052A /* UINavigationBar+Extension.swift in Sources */ = {isa = PBXBuildFile; fileRef = 523C73C0238D63380056052A /* UINavigationBar+Extension.swift */; };
		523C73CC238D67700056052A /* Signup.storyboard in Resources */ = {isa = PBXBuildFile; fileRef = 523C73CB238D67700056052A /* Signup.storyboard */; };
		523C73CE238D685A0056052A /* SignupVC.swift in Sources */ = {isa = PBXBuildFile; fileRef = 523C73CD238D685A0056052A /* SignupVC.swift */; };
		523C73D0238D693C0056052A /* NetworkResult.swift in Sources */ = {isa = PBXBuildFile; fileRef = 523C73CF238D693C0056052A /* NetworkResult.swift */; };
		523C73D2238D6A9E0056052A /* APIConstants.swift in Sources */ = {isa = PBXBuildFile; fileRef = 523C73D1238D6A9E0056052A /* APIConstants.swift */; };
		523C73D5238D6B360056052A /* ResponseString.swift in Sources */ = {isa = PBXBuildFile; fileRef = 523C73D4238D6B360056052A /* ResponseString.swift */; };
		B6A41438238D68C50052484A /* Login.storyboard in Resources */ = {isa = PBXBuildFile; fileRef = B6A41437238D68C50052484A /* Login.storyboard */; };
		B6A4143B238D69240052484A /* LoginVC.swift in Sources */ = {isa = PBXBuildFile; fileRef = B6A4143A238D69240052484A /* LoginVC.swift */; };
		B6A4143D238D724E0052484A /* LoginService.swift in Sources */ = {isa = PBXBuildFile; fileRef = B6A4143C238D724E0052484A /* LoginService.swift */; };
		B6A4143F238D72E70052484A /* LoginResponseString.swift in Sources */ = {isa = PBXBuildFile; fileRef = B6A4143E238D72E70052484A /* LoginResponseString.swift */; };
		B6A4144C238DA53D0052484A /* UIFontExtension.swift in Sources */ = {isa = PBXBuildFile; fileRef = B6A4144B238DA53D0052484A /* UIFontExtension.swift */; };
		B6A4144D238DA5830052484A /* FredokaOne-Regular.ttf in Resources */ = {isa = PBXBuildFile; fileRef = B6A41446238D9F350052484A /* FredokaOne-Regular.ttf */; };
		B6B416CC238DCA7D003AE038 /* MainAlertVC.swift in Sources */ = {isa = PBXBuildFile; fileRef = B6B416CB238DCA7D003AE038 /* MainAlertVC.swift */; };
		FA38639328F885A25DF72D38 /* Pods_Sockttery.framework in Frameworks */ = {isa = PBXBuildFile; fileRef = 7D61A72CF9C71FD1C1EF056F /* Pods_Sockttery.framework */; };
/* End PBXBuildFile section */

/* Begin PBXFileReference section */
		27958E2C1857BA96467B987C /* Pods-Sockttery.debug.xcconfig */ = {isa = PBXFileReference; includeInIndex = 1; lastKnownFileType = text.xcconfig; name = "Pods-Sockttery.debug.xcconfig"; path = "Target Support Files/Pods-Sockttery/Pods-Sockttery.debug.xcconfig"; sourceTree = "<group>"; };
		523C7392238D565F0056052A /* Sockttery.app */ = {isa = PBXFileReference; explicitFileType = wrapper.application; includeInIndex = 0; path = Sockttery.app; sourceTree = BUILT_PRODUCTS_DIR; };
		523C7395238D565F0056052A /* AppDelegate.swift */ = {isa = PBXFileReference; lastKnownFileType = sourcecode.swift; path = AppDelegate.swift; sourceTree = "<group>"; };
		523C7397238D565F0056052A /* SceneDelegate.swift */ = {isa = PBXFileReference; lastKnownFileType = sourcecode.swift; path = SceneDelegate.swift; sourceTree = "<group>"; };
		523C739C238D565F0056052A /* Base */ = {isa = PBXFileReference; lastKnownFileType = file.storyboard; name = Base; path = Base.lproj/Main.storyboard; sourceTree = "<group>"; };
		523C739E238D56630056052A /* Assets.xcassets */ = {isa = PBXFileReference; lastKnownFileType = folder.assetcatalog; path = Assets.xcassets; sourceTree = "<group>"; };
		523C73A1238D56630056052A /* Base */ = {isa = PBXFileReference; lastKnownFileType = file.storyboard; name = Base; path = Base.lproj/LaunchScreen.storyboard; sourceTree = "<group>"; };
		523C73A3238D56630056052A /* Info.plist */ = {isa = PBXFileReference; lastKnownFileType = text.plist.xml; path = Info.plist; sourceTree = "<group>"; };
		523C73B5238D620B0056052A /* SignupService.swift */ = {isa = PBXFileReference; lastKnownFileType = sourcecode.swift; path = SignupService.swift; sourceTree = "<group>"; };
		523C73B7238D623D0056052A /* ViewController.swift */ = {isa = PBXFileReference; lastKnownFileType = sourcecode.swift; path = ViewController.swift; sourceTree = "<group>"; };
		523C73B9238D63380056052A /* UITabbar+Extension.swift */ = {isa = PBXFileReference; fileEncoding = 4; lastKnownFileType = sourcecode.swift; path = "UITabbar+Extension.swift"; sourceTree = "<group>"; };
		523C73BA238D63380056052A /* NSNotificationName+Extension.swift */ = {isa = PBXFileReference; fileEncoding = 4; lastKnownFileType = sourcecode.swift; path = "NSNotificationName+Extension.swift"; sourceTree = "<group>"; };
		523C73BB238D63380056052A /* UIButton+Extensions.swift */ = {isa = PBXFileReference; fileEncoding = 4; lastKnownFileType = sourcecode.swift; path = "UIButton+Extensions.swift"; sourceTree = "<group>"; };
		523C73BC238D63380056052A /* UIView+Extensions.swift */ = {isa = PBXFileReference; fileEncoding = 4; lastKnownFileType = sourcecode.swift; path = "UIView+Extensions.swift"; sourceTree = "<group>"; };
		523C73BD238D63380056052A /* UIViewController+Extensions.swift */ = {isa = PBXFileReference; fileEncoding = 4; lastKnownFileType = sourcecode.swift; path = "UIViewController+Extensions.swift"; sourceTree = "<group>"; };
		523C73BE238D63380056052A /* UIImageView+Extensions.swift */ = {isa = PBXFileReference; fileEncoding = 4; lastKnownFileType = sourcecode.swift; path = "UIImageView+Extensions.swift"; sourceTree = "<group>"; };
		523C73BF238D63380056052A /* UIColor+Extensions.swift */ = {isa = PBXFileReference; fileEncoding = 4; lastKnownFileType = sourcecode.swift; path = "UIColor+Extensions.swift"; sourceTree = "<group>"; };
		523C73C0238D63380056052A /* UINavigationBar+Extension.swift */ = {isa = PBXFileReference; fileEncoding = 4; lastKnownFileType = sourcecode.swift; path = "UINavigationBar+Extension.swift"; sourceTree = "<group>"; };
		523C73CB238D67700056052A /* Signup.storyboard */ = {isa = PBXFileReference; lastKnownFileType = file.storyboard; path = Signup.storyboard; sourceTree = "<group>"; };
		523C73CD238D685A0056052A /* SignupVC.swift */ = {isa = PBXFileReference; lastKnownFileType = sourcecode.swift; path = SignupVC.swift; sourceTree = "<group>"; };
		523C73CF238D693C0056052A /* NetworkResult.swift */ = {isa = PBXFileReference; lastKnownFileType = sourcecode.swift; path = NetworkResult.swift; sourceTree = "<group>"; };
		523C73D1238D6A9E0056052A /* APIConstants.swift */ = {isa = PBXFileReference; lastKnownFileType = sourcecode.swift; path = APIConstants.swift; sourceTree = "<group>"; };
		523C73D4238D6B360056052A /* ResponseString.swift */ = {isa = PBXFileReference; lastKnownFileType = sourcecode.swift; path = ResponseString.swift; sourceTree = "<group>"; };
		7D61A72CF9C71FD1C1EF056F /* Pods_Sockttery.framework */ = {isa = PBXFileReference; explicitFileType = wrapper.framework; includeInIndex = 0; path = Pods_Sockttery.framework; sourceTree = BUILT_PRODUCTS_DIR; };
		A715D4876798572E445DA1D8 /* Pods-Sockttery.release.xcconfig */ = {isa = PBXFileReference; includeInIndex = 1; lastKnownFileType = text.xcconfig; name = "Pods-Sockttery.release.xcconfig"; path = "Target Support Files/Pods-Sockttery/Pods-Sockttery.release.xcconfig"; sourceTree = "<group>"; };
		B6A41437238D68C50052484A /* Login.storyboard */ = {isa = PBXFileReference; lastKnownFileType = file.storyboard; path = Login.storyboard; sourceTree = "<group>"; };
		B6A4143A238D69240052484A /* LoginVC.swift */ = {isa = PBXFileReference; lastKnownFileType = sourcecode.swift; path = LoginVC.swift; sourceTree = "<group>"; };
		B6A4143C238D724E0052484A /* LoginService.swift */ = {isa = PBXFileReference; lastKnownFileType = sourcecode.swift; path = LoginService.swift; sourceTree = "<group>"; };
		B6A4143E238D72E70052484A /* LoginResponseString.swift */ = {isa = PBXFileReference; lastKnownFileType = sourcecode.swift; path = LoginResponseString.swift; sourceTree = "<group>"; };
		B6A41446238D9F350052484A /* FredokaOne-Regular.ttf */ = {isa = PBXFileReference; lastKnownFileType = file; name = "FredokaOne-Regular.ttf"; path = "../../../../../../Fredoka_One/FredokaOne-Regular.ttf"; sourceTree = "<group>"; };
		B6A4144B238DA53D0052484A /* UIFontExtension.swift */ = {isa = PBXFileReference; lastKnownFileType = sourcecode.swift; path = UIFontExtension.swift; sourceTree = "<group>"; };
		B6B416CB238DCA7D003AE038 /* MainAlertVC.swift */ = {isa = PBXFileReference; lastKnownFileType = sourcecode.swift; path = MainAlertVC.swift; sourceTree = "<group>"; };
/* End PBXFileReference section */

/* Begin PBXFrameworksBuildPhase section */
		523C738F238D565F0056052A /* Frameworks */ = {
			isa = PBXFrameworksBuildPhase;
			buildActionMask = 2147483647;
			files = (
				FA38639328F885A25DF72D38 /* Pods_Sockttery.framework in Frameworks */,
			);
			runOnlyForDeploymentPostprocessing = 0;
		};
/* End PBXFrameworksBuildPhase section */

/* Begin PBXGroup section */
		523C7389238D565F0056052A = {
			isa = PBXGroup;
			children = (
				523C7394238D565F0056052A /* Sockttery */,
				523C7393238D565F0056052A /* Products */,
				E397FA486A74FE05ABE9E234 /* Pods */,
				871405CFBD1C9AB9B5556085 /* Frameworks */,
			);
			sourceTree = "<group>";
		};
		523C7393238D565F0056052A /* Products */ = {
			isa = PBXGroup;
			children = (
				523C7392238D565F0056052A /* Sockttery.app */,
			);
			name = Products;
			sourceTree = "<group>";
		};
		523C7394238D565F0056052A /* Sockttery */ = {
			isa = PBXGroup;
			children = (
				523C7395238D565F0056052A /* AppDelegate.swift */,
				523C7397238D565F0056052A /* SceneDelegate.swift */,
				523C73A3238D56630056052A /* Info.plist */,
				523C73AA238D56700056052A /* Resources */,
				523C73A9238D566B0056052A /* Sources */,
			);
			path = Sockttery;
			sourceTree = "<group>";
		};
		523C73A9238D566B0056052A /* Sources */ = {
			isa = PBXGroup;
			children = (
				B6A41445238D9F250052484A /* Font */,
				523C73D3238D6AF30056052A /* Model */,
				523C73AE238D56CB0056052A /* Extensions */,
				523C73AD238D56C00056052A /* Networking */,
				523C73AC238D56B60056052A /* Scenes */,
			);
			path = Sources;
			sourceTree = "<group>";
		};
		523C73AA238D56700056052A /* Resources */ = {
			isa = PBXGroup;
			children = (
				523C73B4238D57340056052A /* Storyboards */,
				523C739E238D56630056052A /* Assets.xcassets */,
			);
			path = Resources;
			sourceTree = "<group>";
		};
		523C73AC238D56B60056052A /* Scenes */ = {
			isa = PBXGroup;
			children = (
				B6A41439238D69080052484A /* Login */,
				523C73C9238D67400056052A /* Signup */,
				523C73B7238D623D0056052A /* ViewController.swift */,
				B6B416CB238DCA7D003AE038 /* MainAlertVC.swift */,
			);
			path = Scenes;
			sourceTree = "<group>";
		};
		523C73AD238D56C00056052A /* Networking */ = {
			isa = PBXGroup;
			children = (
				523C73B5238D620B0056052A /* SignupService.swift */,
				523C73CF238D693C0056052A /* NetworkResult.swift */,
				B6A4143E238D72E70052484A /* LoginResponseString.swift */,
				523C73D1238D6A9E0056052A /* APIConstants.swift */,
				B6A4143C238D724E0052484A /* LoginService.swift */,
			);
			path = Networking;
			sourceTree = "<group>";
		};
		523C73AE238D56CB0056052A /* Extensions */ = {
			isa = PBXGroup;
			children = (
				523C73BA238D63380056052A /* NSNotificationName+Extension.swift */,
				523C73BB238D63380056052A /* UIButton+Extensions.swift */,
				523C73BF238D63380056052A /* UIColor+Extensions.swift */,
				523C73BE238D63380056052A /* UIImageView+Extensions.swift */,
				523C73C0238D63380056052A /* UINavigationBar+Extension.swift */,
				523C73B9238D63380056052A /* UITabbar+Extension.swift */,
				523C73BC238D63380056052A /* UIView+Extensions.swift */,
				523C73BD238D63380056052A /* UIViewController+Extensions.swift */,
				B6A4144B238DA53D0052484A /* UIFontExtension.swift */,
			);
			path = Extensions;
			sourceTree = "<group>";
		};
		523C73B4238D57340056052A /* Storyboards */ = {
			isa = PBXGroup;
			children = (
				523C739B238D565F0056052A /* Main.storyboard */,
				523C73A0238D56630056052A /* LaunchScreen.storyboard */,
				B6A41437238D68C50052484A /* Login.storyboard */,
				523C73CB238D67700056052A /* Signup.storyboard */,
			);
			path = Storyboards;
			sourceTree = "<group>";
		};
		523C73C9238D67400056052A /* Signup */ = {
			isa = PBXGroup;
			children = (
				523C73CD238D685A0056052A /* SignupVC.swift */,
			);
			path = Signup;
			sourceTree = "<group>";
		};
		523C73D3238D6AF30056052A /* Model */ = {
			isa = PBXGroup;
			children = (
				523C73D4238D6B360056052A /* ResponseString.swift */,
			);
			path = Model;
			sourceTree = "<group>";
		};
		871405CFBD1C9AB9B5556085 /* Frameworks */ = {
			isa = PBXGroup;
			children = (
				7D61A72CF9C71FD1C1EF056F /* Pods_Sockttery.framework */,
			);
			name = Frameworks;
			sourceTree = "<group>";
		};
		B6A41439238D69080052484A /* Login */ = {
			isa = PBXGroup;
			children = (
				B6A4143A238D69240052484A /* LoginVC.swift */,
			);
			path = Login;
			sourceTree = "<group>";
		};
		B6A41445238D9F250052484A /* Font */ = {
			isa = PBXGroup;
			children = (
				B6A41446238D9F350052484A /* FredokaOne-Regular.ttf */,
			);
			path = Font;
			sourceTree = "<group>";
		};
		E397FA486A74FE05ABE9E234 /* Pods */ = {
			isa = PBXGroup;
			children = (
				27958E2C1857BA96467B987C /* Pods-Sockttery.debug.xcconfig */,
				A715D4876798572E445DA1D8 /* Pods-Sockttery.release.xcconfig */,
			);
			path = Pods;
			sourceTree = "<group>";
		};
/* End PBXGroup section */

/* Begin PBXNativeTarget section */
		523C7391238D565F0056052A /* Sockttery */ = {
			isa = PBXNativeTarget;
			buildConfigurationList = 523C73A6238D56630056052A /* Build configuration list for PBXNativeTarget "Sockttery" */;
			buildPhases = (
				F098E7C4B3B50576696E9101 /* [CP] Check Pods Manifest.lock */,
				523C738E238D565F0056052A /* Sources */,
				523C738F238D565F0056052A /* Frameworks */,
				523C7390238D565F0056052A /* Resources */,
				DA46EF0C056A495AC516CC0E /* [CP] Embed Pods Frameworks */,
			);
			buildRules = (
			);
			dependencies = (
			);
			name = Sockttery;
			productName = Sockttery;
			productReference = 523C7392238D565F0056052A /* Sockttery.app */;
			productType = "com.apple.product-type.application";
		};
/* End PBXNativeTarget section */

/* Begin PBXProject section */
		523C738A238D565F0056052A /* Project object */ = {
			isa = PBXProject;
			attributes = {
				LastSwiftUpdateCheck = 1120;
				LastUpgradeCheck = 1120;
				ORGANIZATIONNAME = "김현지";
				TargetAttributes = {
					523C7391238D565F0056052A = {
						CreatedOnToolsVersion = 11.2.1;
					};
				};
			};
			buildConfigurationList = 523C738D238D565F0056052A /* Build configuration list for PBXProject "Sockttery" */;
			compatibilityVersion = "Xcode 9.3";
			developmentRegion = en;
			hasScannedForEncodings = 0;
			knownRegions = (
				en,
				Base,
			);
			mainGroup = 523C7389238D565F0056052A;
			productRefGroup = 523C7393238D565F0056052A /* Products */;
			projectDirPath = "";
			projectRoot = "";
			targets = (
				523C7391238D565F0056052A /* Sockttery */,
			);
		};
/* End PBXProject section */

/* Begin PBXResourcesBuildPhase section */
		523C7390238D565F0056052A /* Resources */ = {
			isa = PBXResourcesBuildPhase;
			buildActionMask = 2147483647;
			files = (
				B6A41438238D68C50052484A /* Login.storyboard in Resources */,
				523C73A2238D56630056052A /* LaunchScreen.storyboard in Resources */,
				523C739F238D56630056052A /* Assets.xcassets in Resources */,
				523C73CC238D67700056052A /* Signup.storyboard in Resources */,
				523C739D238D565F0056052A /* Main.storyboard in Resources */,
				B6A4144D238DA5830052484A /* FredokaOne-Regular.ttf in Resources */,
			);
			runOnlyForDeploymentPostprocessing = 0;
		};
/* End PBXResourcesBuildPhase section */

/* Begin PBXShellScriptBuildPhase section */
		DA46EF0C056A495AC516CC0E /* [CP] Embed Pods Frameworks */ = {
			isa = PBXShellScriptBuildPhase;
			buildActionMask = 2147483647;
			files = (
			);
			inputFileListPaths = (
				"${PODS_ROOT}/Target Support Files/Pods-Sockttery/Pods-Sockttery-frameworks-${CONFIGURATION}-input-files.xcfilelist",
			);
			name = "[CP] Embed Pods Frameworks";
			outputFileListPaths = (
				"${PODS_ROOT}/Target Support Files/Pods-Sockttery/Pods-Sockttery-frameworks-${CONFIGURATION}-output-files.xcfilelist",
			);
			runOnlyForDeploymentPostprocessing = 0;
			shellPath = /bin/sh;
			shellScript = "\"${PODS_ROOT}/Target Support Files/Pods-Sockttery/Pods-Sockttery-frameworks.sh\"\n";
			showEnvVarsInLog = 0;
		};
		F098E7C4B3B50576696E9101 /* [CP] Check Pods Manifest.lock */ = {
			isa = PBXShellScriptBuildPhase;
			buildActionMask = 2147483647;
			files = (
			);
			inputFileListPaths = (
			);
			inputPaths = (
				"${PODS_PODFILE_DIR_PATH}/Podfile.lock",
				"${PODS_ROOT}/Manifest.lock",
			);
			name = "[CP] Check Pods Manifest.lock";
			outputFileListPaths = (
			);
			outputPaths = (
				"$(DERIVED_FILE_DIR)/Pods-Sockttery-checkManifestLockResult.txt",
			);
			runOnlyForDeploymentPostprocessing = 0;
			shellPath = /bin/sh;
			shellScript = "diff \"${PODS_PODFILE_DIR_PATH}/Podfile.lock\" \"${PODS_ROOT}/Manifest.lock\" > /dev/null\nif [ $? != 0 ] ; then\n    # print error to STDERR\n    echo \"error: The sandbox is not in sync with the Podfile.lock. Run 'pod install' or update your CocoaPods installation.\" >&2\n    exit 1\nfi\n# This output is used by Xcode 'outputs' to avoid re-running this script phase.\necho \"SUCCESS\" > \"${SCRIPT_OUTPUT_FILE_0}\"\n";
			showEnvVarsInLog = 0;
		};
/* End PBXShellScriptBuildPhase section */

/* Begin PBXSourcesBuildPhase section */
		523C738E238D565F0056052A /* Sources */ = {
			isa = PBXSourcesBuildPhase;
			buildActionMask = 2147483647;
			files = (
				523C73C6238D63380056052A /* UIImageView+Extensions.swift in Sources */,
				523C73B6238D620B0056052A /* SignupService.swift in Sources */,
				523C73C3238D63380056052A /* UIButton+Extensions.swift in Sources */,
				B6B416CC238DCA7D003AE038 /* MainAlertVC.swift in Sources */,
				523C7396238D565F0056052A /* AppDelegate.swift in Sources */,
				523C73B8238D623D0056052A /* ViewController.swift in Sources */,
				523C73D5238D6B360056052A /* ResponseString.swift in Sources */,
				B6A4144C238DA53D0052484A /* UIFontExtension.swift in Sources */,
				523C73C8238D63380056052A /* UINavigationBar+Extension.swift in Sources */,
				523C73CE238D685A0056052A /* SignupVC.swift in Sources */,
				523C73C5238D63380056052A /* UIViewController+Extensions.swift in Sources */,
				523C7398238D565F0056052A /* SceneDelegate.swift in Sources */,
				523C73C2238D63380056052A /* NSNotificationName+Extension.swift in Sources */,
				B6A4143B238D69240052484A /* LoginVC.swift in Sources */,
				523C73C7238D63380056052A /* UIColor+Extensions.swift in Sources */,
				B6A4143D238D724E0052484A /* LoginService.swift in Sources */,
				523C73D2238D6A9E0056052A /* APIConstants.swift in Sources */,
				523C73C4238D63380056052A /* UIView+Extensions.swift in Sources */,
				B6A4143F238D72E70052484A /* LoginResponseString.swift in Sources */,
				523C73C1238D63380056052A /* UITabbar+Extension.swift in Sources */,
				523C73D0238D693C0056052A /* NetworkResult.swift in Sources */,
			);
			runOnlyForDeploymentPostprocessing = 0;
		};
/* End PBXSourcesBuildPhase section */

/* Begin PBXVariantGroup section */
		523C739B238D565F0056052A /* Main.storyboard */ = {
			isa = PBXVariantGroup;
			children = (
				523C739C238D565F0056052A /* Base */,
			);
			name = Main.storyboard;
			sourceTree = "<group>";
		};
		523C73A0238D56630056052A /* LaunchScreen.storyboard */ = {
			isa = PBXVariantGroup;
			children = (
				523C73A1238D56630056052A /* Base */,
			);
			name = LaunchScreen.storyboard;
			sourceTree = "<group>";
		};
/* End PBXVariantGroup section */

/* Begin XCBuildConfiguration section */
		523C73A4238D56630056052A /* Debug */ = {
			isa = XCBuildConfiguration;
			buildSettings = {
				ALWAYS_SEARCH_USER_PATHS = NO;
				CLANG_ANALYZER_NONNULL = YES;
				CLANG_ANALYZER_NUMBER_OBJECT_CONVERSION = YES_AGGRESSIVE;
				CLANG_CXX_LANGUAGE_STANDARD = "gnu++14";
				CLANG_CXX_LIBRARY = "libc++";
				CLANG_ENABLE_MODULES = YES;
				CLANG_ENABLE_OBJC_ARC = YES;
				CLANG_ENABLE_OBJC_WEAK = YES;
				CLANG_WARN_BLOCK_CAPTURE_AUTORELEASING = YES;
				CLANG_WARN_BOOL_CONVERSION = YES;
				CLANG_WARN_COMMA = YES;
				CLANG_WARN_CONSTANT_CONVERSION = YES;
				CLANG_WARN_DEPRECATED_OBJC_IMPLEMENTATIONS = YES;
				CLANG_WARN_DIRECT_OBJC_ISA_USAGE = YES_ERROR;
				CLANG_WARN_DOCUMENTATION_COMMENTS = YES;
				CLANG_WARN_EMPTY_BODY = YES;
				CLANG_WARN_ENUM_CONVERSION = YES;
				CLANG_WARN_INFINITE_RECURSION = YES;
				CLANG_WARN_INT_CONVERSION = YES;
				CLANG_WARN_NON_LITERAL_NULL_CONVERSION = YES;
				CLANG_WARN_OBJC_IMPLICIT_RETAIN_SELF = YES;
				CLANG_WARN_OBJC_LITERAL_CONVERSION = YES;
				CLANG_WARN_OBJC_ROOT_CLASS = YES_ERROR;
				CLANG_WARN_RANGE_LOOP_ANALYSIS = YES;
				CLANG_WARN_STRICT_PROTOTYPES = YES;
				CLANG_WARN_SUSPICIOUS_MOVE = YES;
				CLANG_WARN_UNGUARDED_AVAILABILITY = YES_AGGRESSIVE;
				CLANG_WARN_UNREACHABLE_CODE = YES;
				CLANG_WARN__DUPLICATE_METHOD_MATCH = YES;
				COPY_PHASE_STRIP = NO;
				DEBUG_INFORMATION_FORMAT = dwarf;
				ENABLE_STRICT_OBJC_MSGSEND = YES;
				ENABLE_TESTABILITY = YES;
				GCC_C_LANGUAGE_STANDARD = gnu11;
				GCC_DYNAMIC_NO_PIC = NO;
				GCC_NO_COMMON_BLOCKS = YES;
				GCC_OPTIMIZATION_LEVEL = 0;
				GCC_PREPROCESSOR_DEFINITIONS = (
					"DEBUG=1",
					"$(inherited)",
				);
				GCC_WARN_64_TO_32_BIT_CONVERSION = YES;
				GCC_WARN_ABOUT_RETURN_TYPE = YES_ERROR;
				GCC_WARN_UNDECLARED_SELECTOR = YES;
				GCC_WARN_UNINITIALIZED_AUTOS = YES_AGGRESSIVE;
				GCC_WARN_UNUSED_FUNCTION = YES;
				GCC_WARN_UNUSED_VARIABLE = YES;
				IPHONEOS_DEPLOYMENT_TARGET = 13.2;
				MTL_ENABLE_DEBUG_INFO = INCLUDE_SOURCE;
				MTL_FAST_MATH = YES;
				ONLY_ACTIVE_ARCH = YES;
				SDKROOT = iphoneos;
				SWIFT_ACTIVE_COMPILATION_CONDITIONS = DEBUG;
				SWIFT_OPTIMIZATION_LEVEL = "-Onone";
			};
			name = Debug;
		};
		523C73A5238D56630056052A /* Release */ = {
			isa = XCBuildConfiguration;
			buildSettings = {
				ALWAYS_SEARCH_USER_PATHS = NO;
				CLANG_ANALYZER_NONNULL = YES;
				CLANG_ANALYZER_NUMBER_OBJECT_CONVERSION = YES_AGGRESSIVE;
				CLANG_CXX_LANGUAGE_STANDARD = "gnu++14";
				CLANG_CXX_LIBRARY = "libc++";
				CLANG_ENABLE_MODULES = YES;
				CLANG_ENABLE_OBJC_ARC = YES;
				CLANG_ENABLE_OBJC_WEAK = YES;
				CLANG_WARN_BLOCK_CAPTURE_AUTORELEASING = YES;
				CLANG_WARN_BOOL_CONVERSION = YES;
				CLANG_WARN_COMMA = YES;
				CLANG_WARN_CONSTANT_CONVERSION = YES;
				CLANG_WARN_DEPRECATED_OBJC_IMPLEMENTATIONS = YES;
				CLANG_WARN_DIRECT_OBJC_ISA_USAGE = YES_ERROR;
				CLANG_WARN_DOCUMENTATION_COMMENTS = YES;
				CLANG_WARN_EMPTY_BODY = YES;
				CLANG_WARN_ENUM_CONVERSION = YES;
				CLANG_WARN_INFINITE_RECURSION = YES;
				CLANG_WARN_INT_CONVERSION = YES;
				CLANG_WARN_NON_LITERAL_NULL_CONVERSION = YES;
				CLANG_WARN_OBJC_IMPLICIT_RETAIN_SELF = YES;
				CLANG_WARN_OBJC_LITERAL_CONVERSION = YES;
				CLANG_WARN_OBJC_ROOT_CLASS = YES_ERROR;
				CLANG_WARN_RANGE_LOOP_ANALYSIS = YES;
				CLANG_WARN_STRICT_PROTOTYPES = YES;
				CLANG_WARN_SUSPICIOUS_MOVE = YES;
				CLANG_WARN_UNGUARDED_AVAILABILITY = YES_AGGRESSIVE;
				CLANG_WARN_UNREACHABLE_CODE = YES;
				CLANG_WARN__DUPLICATE_METHOD_MATCH = YES;
				COPY_PHASE_STRIP = NO;
				DEBUG_INFORMATION_FORMAT = "dwarf-with-dsym";
				ENABLE_NS_ASSERTIONS = NO;
				ENABLE_STRICT_OBJC_MSGSEND = YES;
				GCC_C_LANGUAGE_STANDARD = gnu11;
				GCC_NO_COMMON_BLOCKS = YES;
				GCC_WARN_64_TO_32_BIT_CONVERSION = YES;
				GCC_WARN_ABOUT_RETURN_TYPE = YES_ERROR;
				GCC_WARN_UNDECLARED_SELECTOR = YES;
				GCC_WARN_UNINITIALIZED_AUTOS = YES_AGGRESSIVE;
				GCC_WARN_UNUSED_FUNCTION = YES;
				GCC_WARN_UNUSED_VARIABLE = YES;
				IPHONEOS_DEPLOYMENT_TARGET = 13.2;
				MTL_ENABLE_DEBUG_INFO = NO;
				MTL_FAST_MATH = YES;
				SDKROOT = iphoneos;
				SWIFT_COMPILATION_MODE = wholemodule;
				SWIFT_OPTIMIZATION_LEVEL = "-O";
				VALIDATE_PRODUCT = YES;
			};
			name = Release;
		};
		523C73A7238D56630056052A /* Debug */ = {
			isa = XCBuildConfiguration;
			baseConfigurationReference = 27958E2C1857BA96467B987C /* Pods-Sockttery.debug.xcconfig */;
			buildSettings = {
				ASSETCATALOG_COMPILER_APPICON_NAME = AppIcon;
				CODE_SIGN_STYLE = Automatic;
				DEVELOPMENT_TEAM = CYJWF25337;
				INFOPLIST_FILE = Sockttery/Info.plist;
				LD_RUNPATH_SEARCH_PATHS = (
					"$(inherited)",
					"@executable_path/Frameworks",
				);
				PRODUCT_BUNDLE_IDENTIFIER = com.hyunji.Sockttery;
				PRODUCT_NAME = "$(TARGET_NAME)";
				SWIFT_VERSION = 5.0;
				TARGETED_DEVICE_FAMILY = "1,2";
			};
			name = Debug;
		};
		523C73A8238D56630056052A /* Release */ = {
			isa = XCBuildConfiguration;
			baseConfigurationReference = A715D4876798572E445DA1D8 /* Pods-Sockttery.release.xcconfig */;
			buildSettings = {
				ASSETCATALOG_COMPILER_APPICON_NAME = AppIcon;
				CODE_SIGN_STYLE = Automatic;
				DEVELOPMENT_TEAM = CYJWF25337;
				INFOPLIST_FILE = Sockttery/Info.plist;
				LD_RUNPATH_SEARCH_PATHS = (
					"$(inherited)",
					"@executable_path/Frameworks",
				);
				PRODUCT_BUNDLE_IDENTIFIER = com.hyunji.Sockttery;
				PRODUCT_NAME = "$(TARGET_NAME)";
				SWIFT_VERSION = 5.0;
				TARGETED_DEVICE_FAMILY = "1,2";
			};
			name = Release;
		};
/* End XCBuildConfiguration section */

/* Begin XCConfigurationList section */
		523C738D238D565F0056052A /* Build configuration list for PBXProject "Sockttery" */ = {
			isa = XCConfigurationList;
			buildConfigurations = (
				523C73A4238D56630056052A /* Debug */,
				523C73A5238D56630056052A /* Release */,
			);
			defaultConfigurationIsVisible = 0;
			defaultConfigurationName = Release;
		};
		523C73A6238D56630056052A /* Build configuration list for PBXNativeTarget "Sockttery" */ = {
			isa = XCConfigurationList;
			buildConfigurations = (
				523C73A7238D56630056052A /* Debug */,
				523C73A8238D56630056052A /* Release */,
			);
			defaultConfigurationIsVisible = 0;
			defaultConfigurationName = Release;
		};
/* End XCConfigurationList section */
	};
	rootObject = 523C738A238D565F0056052A /* Project object */;
}
